
Microsoft Visual Studio Solution File, Format Version 12.00
# Visual Studio Version 16
VisualStudioVersion = 16.0.31424.327
MinimumVisualStudioVersion = 10.0.40219.1
Project("{FAE04EC0-301F-11D3-BF4B-00C04F79EFBC}") = "rest_test_remark", "rest_test_remark\rest_test_remark.csproj", "{5A74BEF0-58DB-42C5-A4A4-0D2F68F62B80}"
EndProject
Global
	GlobalSection(SolutionConfigurationPlatforms) = preSolution
		Debug|Any CPU = Debug|Any CPU
		Release|Any CPU = Release|Any CPU
	EndGlobalSection
	GlobalSection(ProjectConfigurationPlatforms) = postSolution
		{5A74BEF0-58DB-42C5-A4A4-0D2F68F62B80}.Debug|Any CPU.ActiveCfg = Debug|Any CPU
		{5A74BEF0-58DB-42C5-A4A4-0D2F68F62B80}.Debug|Any CPU.Build.0 = Debug|Any CPU
		{5A74BEF0-58DB-42C5-A4A4-0D2F68F62B80}.Release|Any CPU.ActiveCfg = Release|Any CPU
		{5A74BEF0-58DB-42C5-A4A4-0D2F68F62B80}.Release|Any CPU.Build.0 = Release|Any CPU
	EndGlobalSection
	GlobalSection(SolutionProperties) = preSolution
		HideSolutionNode = FALSE
	EndGlobalSection
	GlobalSection(ExtensibilityGlobals) = postSolution
		SolutionGuid = {F5C67222-080A-4AED-BA8B-91E3EEF9A8B8}
	EndGlobalSection
EndGlobal
